
Microsoft Visual Studio Solution File, Format Version 12.00
# Visual Studio Version 17
VisualStudioVersion = 17.0.31612.314
MinimumVisualStudioVersion = 10.0.40219.1
Project("{FAE04EC0-301F-11D3-BF4B-00C04F79EFBC}") = "HotelListing", "HotelListing\HotelListing.csproj", "{CC6B0945-38D9-43C6-80E6-54D6918E27D3}"
EndProject
Project("{FAE04EC0-301F-11D3-BF4B-00C04F79EFBC}") = "HotelListing.Models", "HotelListing.Models\HotelListing.Models.csproj", "{765BE630-935E-441B-8267-AA20C2AD4D11}"
EndProject
Project("{FAE04EC0-301F-11D3-BF4B-00C04F79EFBC}") = "HotelListing.Data", "HotelListing.Data\HotelListing.Data.csproj", "{553A8CE8-B1B7-4004-9DD7-B0F8C202269E}"
EndProject
Project("{FAE04EC0-301F-11D3-BF4B-00C04F79EFBC}") = "HotelListing.Core", "HotelListing.Core\HotelListing.Core.csproj", "{6A2211C1-9D27-4358-A8DB-707E69B8146B}"
EndProject
Project("{FAE04EC0-301F-11D3-BF4B-00C04F79EFBC}") = "HotelListing.Shared", "HotelListing.Shared\HotelListing.Shared.csproj", "{8DAF94B9-8409-4F66-BD9A-C243829A57FA}"
EndProject
Global
	GlobalSection(SolutionConfigurationPlatforms) = preSolution
		Debug|Any CPU = Debug|Any CPU
		Release|Any CPU = Release|Any CPU
	EndGlobalSection
	GlobalSection(ProjectConfigurationPlatforms) = postSolution
		{CC6B0945-38D9-43C6-80E6-54D6918E27D3}.Debug|Any CPU.ActiveCfg = Debug|Any CPU
		{CC6B0945-38D9-43C6-80E6-54D6918E27D3}.Debug|Any CPU.Build.0 = Debug|Any CPU
		{CC6B0945-38D9-43C6-80E6-54D6918E27D3}.Release|Any CPU.ActiveCfg = Release|Any CPU
		{CC6B0945-38D9-43C6-80E6-54D6918E27D3}.Release|Any CPU.Build.0 = Release|Any CPU
		{765BE630-935E-441B-8267-AA20C2AD4D11}.Debug|Any CPU.ActiveCfg = Debug|Any CPU
		{765BE630-935E-441B-8267-AA20C2AD4D11}.Debug|Any CPU.Build.0 = Debug|Any CPU
		{765BE630-935E-441B-8267-AA20C2AD4D11}.Release|Any CPU.ActiveCfg = Release|Any CPU
		{765BE630-935E-441B-8267-AA20C2AD4D11}.Release|Any CPU.Build.0 = Release|Any CPU
		{553A8CE8-B1B7-4004-9DD7-B0F8C202269E}.Debug|Any CPU.ActiveCfg = Debug|Any CPU
		{553A8CE8-B1B7-4004-9DD7-B0F8C202269E}.Debug|Any CPU.Build.0 = Debug|Any CPU
		{553A8CE8-B1B7-4004-9DD7-B0F8C202269E}.Release|Any CPU.ActiveCfg = Release|Any CPU
		{553A8CE8-B1B7-4004-9DD7-B0F8C202269E}.Release|Any CPU.Build.0 = Release|Any CPU
		{6A2211C1-9D27-4358-A8DB-707E69B8146B}.Debug|Any CPU.ActiveCfg = Debug|Any CPU
		{6A2211C1-9D27-4358-A8DB-707E69B8146B}.Debug|Any CPU.Build.0 = Debug|Any CPU
		{6A2211C1-9D27-4358-A8DB-707E69B8146B}.Release|Any CPU.ActiveCfg = Release|Any CPU
		{6A2211C1-9D27-4358-A8DB-707E69B8146B}.Release|Any CPU.Build.0 = Release|Any CPU
		{8DAF94B9-8409-4F66-BD9A-C243829A57FA}.Debug|Any CPU.ActiveCfg = Debug|Any CPU
		{8DAF94B9-8409-4F66-BD9A-C243829A57FA}.Debug|Any CPU.Build.0 = Debug|Any CPU
		{8DAF94B9-8409-4F66-BD9A-C243829A57FA}.Release|Any CPU.ActiveCfg = Release|Any CPU
		{8DAF94B9-8409-4F66-BD9A-C243829A57FA}.Release|Any CPU.Build.0 = Release|Any CPU
	EndGlobalSection
	GlobalSection(SolutionProperties) = preSolution
		HideSolutionNode = FALSE
	EndGlobalSection
	GlobalSection(ExtensibilityGlobals) = postSolution
		SolutionGuid = {BF0EB379-55B2-409A-A369-C5FC32A69109}
	EndGlobalSection
EndGlobal
